
Microsoft Visual Studio Solution File, Format Version 12.00
# Visual Studio Version 17
VisualStudioVersion = 17.9.34902.65
MinimumVisualStudioVersion = 10.0.40219.1
Project("{888888A0-9F3D-457C-B088-3A5042F75D52}") = "seed", "seed\seed.pyproj", "{96A44D86-8A24-4811-B207-1CAB58CD0754}"
EndProject
Global
	GlobalSection(SolutionConfigurationPlatforms) = preSolution
		Debug|Any CPU = Debug|Any CPU
		Release|Any CPU = Release|Any CPU
	EndGlobalSection
	GlobalSection(ProjectConfigurationPlatforms) = postSolution
		{96A44D86-8A24-4811-B207-1CAB58CD0754}.Debug|Any CPU.ActiveCfg = Debug|Any CPU
		{96A44D86-8A24-4811-B207-1CAB58CD0754}.Release|Any CPU.ActiveCfg = Release|Any CPU
	EndGlobalSection
	GlobalSection(SolutionProperties) = preSolution
		HideSolutionNode = FALSE
	EndGlobalSection
	GlobalSection(ExtensibilityGlobals) = postSolution
		SolutionGuid = {16D4F3E8-C761-4210-917C-1E2EDF8B6F65}
	EndGlobalSection
EndGlobal
